github.com/mkaraki/go_comic_info v0.1.1 h1:k4kJfMT5rIQiV7nw+VFtuXUw9Il3CGFR6IE4JIHWOCI=
github.com/mkaraki/go_comic_info v0.1.1/go.mod h1:ju4EgkU5MJ9O77AmFJQuDaEhugDpS4U5G2tbtA9f33k=
gopkg.in/gographics/imagick.v2 v2.7.0 h1:Acluvnk5MhtETFX4EVnt9NbjC32ROaaC3bx6nJueHJk=
gopkg.in/gographics/imagick.v2 v2.7.0/go.mod h1:/QVPLV/iKdNttRKthmDkeeGg+vdHurVEPc8zkU0XgBk=
