github.com/getsentry/sentry-go v0.31.1 h1:ELVc0h7gwyhnXHDouXkhqTFSO5oslsRDk0++eyE0KJ4=
github.com/getsentry/sentry-go v0.31.1/go.mod h1:CYNcMMz73YigoHljQRG+qPF+eMq8gG72XcGN/p71BAY=
github.com/mattn/natural v0.0.0-20150430114811-6b2ca5c8eb9a h1:cvPnAcctVrPwI7uMkHBM2EFC0n21PQ1O8EVUU1ruKiY=
github.com/mattn/natural v0.0.0-20150430114811-6b2ca5c8eb9a/go.mod h1:UAbhZdShrNv4F/eTZj8Ri2DjtTSMpNIBHtJwTzgFrcM=
github.com/mkaraki/go_comic_info v0.1.1 h1:k4kJfMT5rIQiV7nw+VFtuXUw9Il3CGFR6IE4JIHWOCI=
github.com/mkaraki/go_comic_info v0.1.1/go.mod h1:ju4EgkU5MJ9O77AmFJQuDaEhugDpS4U5G2tbtA9f33k=
golang.org/x/sys v0.18.0 h1:DBdB3niSjOA/O0blCZBqDefyWNYveAYMNF1Wum0DYQ4=
golang.org/x/sys v0.18.0/go.mod h1:/VUhepiaJMQUp4+oa/7Zr1D23ma6VTLIYjOOTFZPUcA=
golang.org/x/text v0.14.0 h1:ScX5w1eTa3QqT8oi6+ziP7dTV1S2+ALU0bI+0zXKWiQ=
golang.org/x/text v0.14.0/go.mod h1:18ZOQIKpY8NJVqYksKHtTdi31H5itFRjB5/qKTNYzSU=
gopkg.in/gographics/imagick.v2 v2.7.0 h1:Acluvnk5MhtETFX4EVnt9NbjC32ROaaC3bx6nJueHJk=
gopkg.in/gographics/imagick.v2 v2.7.0/go.mod h1:/QVPLV/iKdNttRKthmDkeeGg+vdHurVEPc8zkU0XgBk=
